
Microsoft Visual Studio Solution File, Format Version 12.00
# Visual Studio Version 17
VisualStudioVersion = 17.13.35913.81 d17.13
MinimumVisualStudioVersion = 10.0.40219.1
Project("{FAE04EC0-301F-11D3-BF4B-00C04F79EFBC}") = "Edabit_Challenge", "Edabit_Challenge\Edabit_Challenge.csproj", "{D6425B62-D69F-4F3A-9286-5A392DD9C274}"
EndProject
Global
	GlobalSection(SolutionConfigurationPlatforms) = preSolution
		Debug|Any CPU = Debug|Any CPU
		Release|Any CPU = Release|Any CPU
	EndGlobalSection
	GlobalSection(ProjectConfigurationPlatforms) = postSolution
		{D6425B62-D69F-4F3A-9286-5A392DD9C274}.Debug|Any CPU.ActiveCfg = Debug|Any CPU
		{D6425B62-D69F-4F3A-9286-5A392DD9C274}.Debug|Any CPU.Build.0 = Debug|Any CPU
		{D6425B62-D69F-4F3A-9286-5A392DD9C274}.Release|Any CPU.ActiveCfg = Release|Any CPU
		{D6425B62-D69F-4F3A-9286-5A392DD9C274}.Release|Any CPU.Build.0 = Release|Any CPU
	EndGlobalSection
	GlobalSection(SolutionProperties) = preSolution
		HideSolutionNode = FALSE
	EndGlobalSection
	GlobalSection(ExtensibilityGlobals) = postSolution
		SolutionGuid = {F5483ECE-EEBE-4965-B4C1-A388F0CE3344}
	EndGlobalSection
EndGlobal
